
Microsoft Visual Studio Solution File, Format Version 12.00
# Visual Studio Version 17
VisualStudioVersion = 17.0.31903.59
MinimumVisualStudioVersion = 10.0.40219.1
Project("{FAE04EC0-301F-11D3-BF4B-00C04F79EFBC}") = "LabaN7", "LabaN7\LabaN7.csproj", "{009C6A51-9A4F-4016-8617-7F002530F957}"
EndProject
Global
	GlobalSection(SolutionConfigurationPlatforms) = preSolution
		Debug|Any CPU = Debug|Any CPU
		Release|Any CPU = Release|Any CPU
	EndGlobalSection
	GlobalSection(ProjectConfigurationPlatforms) = postSolution
		{009C6A51-9A4F-4016-8617-7F002530F957}.Debug|Any CPU.ActiveCfg = Debug|Any CPU
		{009C6A51-9A4F-4016-8617-7F002530F957}.Debug|Any CPU.Build.0 = Debug|Any CPU
		{009C6A51-9A4F-4016-8617-7F002530F957}.Release|Any CPU.ActiveCfg = Release|Any CPU
		{009C6A51-9A4F-4016-8617-7F002530F957}.Release|Any CPU.Build.0 = Release|Any CPU
	EndGlobalSection
	GlobalSection(SolutionProperties) = preSolution
		HideSolutionNode = FALSE
	EndGlobalSection
	GlobalSection(ExtensibilityGlobals) = postSolution
		SolutionGuid = {E54C0FFC-1DF6-4864-9A24-677A0C9205C9}
	EndGlobalSection
EndGlobal
